
Microsoft Visual Studio Solution File, Format Version 11.00
# Visual Studio 2010
Project("{FAE04EC0-301F-11D3-BF4B-00C04F79EFBC}") = "KO", "KO\KO.csproj", "{C57FEC06-EE8E-4BE4-A0F1-AB6BC449D255}"
EndProject
Project("{FAE04EC0-301F-11D3-BF4B-00C04F79EFBC}") = "KO.Tests", "KO.Tests\KO.Tests.csproj", "{66B52FBF-E48D-44FE-9AD2-AB6120391769}"
EndProject
Global
	GlobalSection(SolutionConfigurationPlatforms) = preSolution
		Debug|Any CPU = Debug|Any CPU
		Release|Any CPU = Release|Any CPU
	EndGlobalSection
	GlobalSection(ProjectConfigurationPlatforms) = postSolution
		{C57FEC06-EE8E-4BE4-A0F1-AB6BC449D255}.Debug|Any CPU.ActiveCfg = Debug|Any CPU
		{C57FEC06-EE8E-4BE4-A0F1-AB6BC449D255}.Debug|Any CPU.Build.0 = Debug|Any CPU
		{C57FEC06-EE8E-4BE4-A0F1-AB6BC449D255}.Release|Any CPU.ActiveCfg = Release|Any CPU
		{C57FEC06-EE8E-4BE4-A0F1-AB6BC449D255}.Release|Any CPU.Build.0 = Release|Any CPU
		{66B52FBF-E48D-44FE-9AD2-AB6120391769}.Debug|Any CPU.ActiveCfg = Debug|Any CPU
		{66B52FBF-E48D-44FE-9AD2-AB6120391769}.Debug|Any CPU.Build.0 = Debug|Any CPU
		{66B52FBF-E48D-44FE-9AD2-AB6120391769}.Release|Any CPU.ActiveCfg = Release|Any CPU
		{66B52FBF-E48D-44FE-9AD2-AB6120391769}.Release|Any CPU.Build.0 = Release|Any CPU
	EndGlobalSection
	GlobalSection(SolutionProperties) = preSolution
		HideSolutionNode = FALSE
	EndGlobalSection
EndGlobal
